{
    "_meta": {
        "hash": {
            "sha256": "abb1ef46729f4b56efd89947f8f269fd8165208269e8ea4049baf544cc5a2c93"
        },
        "host-environment-markers": {
            "implementation_name": "cpython",
            "implementation_version": "3.6.5",
            "os_name": "posix",
            "platform_machine": "x86_64",
            "platform_python_implementation": "CPython",
            "platform_release": "17.7.0",
            "platform_system": "Darwin",
            "platform_version": "Darwin Kernel Version 17.7.0: Thu Jun 21 22:53:14 PDT 2018; root:xnu-4570.71.2~1/RELEASE_X86_64",
            "python_full_version": "3.6.5",
            "python_version": "3.6",
            "sys_platform": "darwin"
        },
        "pipfile-spec": 6,
        "requires": {},
        "sources": [
            {
                "name": "pypi",
                "url": "https://pypi.python.org/simple",
                "verify_ssl": true
            }
        ]
    },
    "default": {
        "aiofiles": {
            "hashes": [
                "sha256:25c66ea3872d05d53292a6b3f7fa0f86691512076446d83a505d227b5e76f668",
                "sha256:852a493a877b73e11823bfd4e8e5ef2610d70d12c9eaed961bcd9124d8de8c10"
            ],
            "version": "==0.3.2"
        },
        "appdirs": {
            "hashes": [
                "sha256:d8b24664561d0d34ddfaec54636d502d7cea6e29c3eaf68f3df6180863e2166e",
                "sha256:9e5896d1372858f8dd3344faf4e5014d21849c756c8d5701f78f8a103b372d92"
            ],
            "version": "==1.4.3"
        },
        "atomicwrites": {
            "hashes": [
                "sha256:a24da68318b08ac9c9c45029f4a10371ab5b20e4226738e150e6e7c571630ae6",
                "sha256:240831ea22da9ab882b551b31d4225591e5e447a68c5e188db5b89ca1d487585"
            ],
            "version": "==1.1.5"
        },
        "attrs": {
            "hashes": [
                "sha256:4b90b09eeeb9b88c35bc642cbac057e45a5fd85367b985bd2809c62b7b939265",
                "sha256:e0d0eb91441a3b53dab4d9b743eafc1ac44476296a2053b6ca3af0b139faf87b"
            ],
            "version": "==18.1.0"
        },
        "black": {
            "hashes": [
                "sha256:4b475bbd528acce094c503a3d2dbc2d05a4075f6d0ef7d9e7514518e14cc5191",
                "sha256:22158b89c1a6b4eb333a1e65e791a3f8b998cf3b11ae094adb2570f31f769a44"
            ],
            "version": "==18.6b4"
        },
        "blinker": {
            "hashes": [
                "sha256:471aee25f3992bd325afa3772f1063dbdbbca947a041b8b89466dc00d606f8b6"
            ],
            "version": "==1.4"
        },
        "click": {
            "hashes": [
                "sha256:29f99fc6125fbc931b758dc053b3114e55c77a6e4c6c3a2674a2dc986016381d",
                "sha256:f15516df478d5a56180fbf80e68f206010e6d160fc39fa508b65e035fd75130b"
            ],
            "version": "==6.7"
        },
        "h11": {
            "hashes": [
                "sha256:af77d5d82fa027c032650fb8afdef3cd0a3735ba01480bee908cddad9be1bdce",
                "sha256:1c0fbb1cba6f809fe3e6b27f8f6d517ca171f848922708871403636143d530d9"
            ],
            "version": "==0.7.0"
        },
        "h2": {
            "hashes": [
                "sha256:4be613e35caad5680dc48f98f3bf4e7338c7c429e6375a5137be7fbe45219981",
                "sha256:b2962f883fa392a23cbfcc4ad03c335bcc661be0cf9627657b589f0df2206e64"
            ],
            "version": "==3.0.1"
        },
        "hpack": {
            "hashes": [
                "sha256:0edd79eda27a53ba5be2dfabf3b15780928a0dff6eb0c60a3d6767720e970c89",
                "sha256:8eec9c1f4bfae3408a3f30500261f7e6a65912dc138526ea054f9ad98892e9d2"
            ],
            "version": "==3.0.0"
        },
        "hypercorn": {
            "hashes": [
                "sha256:b2291fe4d188dd9a12c3dd17c3706366c46203a756a415338eb58c6e3481a573",
                "sha256:96f0092921230c22a3947a13a2508942482b55d2de4ab7d8f493bb7d4dffe931"
            ],
            "version": "==0.2.3"
        },
        "hyperframe": {
            "hashes": [
                "sha256:87567c9eb1540de1e7f48805adf00e87856409342fdebd0cd20cf5d381c38b69",
                "sha256:a25944539db36d6a2e47689e7915dcee562b3f8d10c6cdfa0d53c91ed692fb04"
            ],
            "version": "==5.1.0"
        },
        "itsdangerous": {
            "hashes": [
                "sha256:cbb3fcf8d3e33df861709ecaf89d9e6629cff0a217bc2848f1b41cd30d360519"
            ],
            "version": "==0.24"
        },
        "jinja2": {
            "hashes": [
                "sha256:74c935a1b8bb9a3947c50a54766a969d4846290e1e788ea44c1392163723c3bd",
                "sha256:f84be1bb0040caca4cea721fcbbbbd61f9be9464ca236387158b0feea01914a4"
            ],
            "version": "==2.10"
        },
        "markupsafe": {
            "hashes": [
                "sha256:a6be69091dac236ea9c6bc7d012beab42010fa914c459791d627dad4910eb665"
            ],
            "version": "==1.0"
        },
        "more-itertools": {
            "hashes": [
                "sha256:a18d870ef2ffca2b8463c0070ad17b5978056f403fb64e3f15fe62a52db21cc0",
                "sha256:6703844a52d3588f951883005efcf555e49566a48afd4db4e965d69b883980d3",
                "sha256:2b6b9893337bfd9166bee6a62c2b0c9fe7735dcf85948b387ec8cba30e85d8e8"
            ],
            "version": "==4.2.0"
        },
        "multidict": {
            "hashes": [
                "sha256:a6e35d28900cf87bcc11e6ca9e474db0099b78f0be0a41d95bef02d49101b5b2",
                "sha256:a59d58ee85b11f337b54933e8d758b2356fcdcc493248e004c9c5e5d11eedbe4",
                "sha256:2eb99617c7a0e9f2b90b64bc1fb742611718618572747d6f3d6532b7b78755ab",
                "sha256:1d6e191965505652f194bc4c40270a842922685918a4f45e6936a6b15cc5816d",
                "sha256:bbd5a6bffd3ba8bfe75b16b5e28af15265538e8be011b0b9fddc7d86a453fd4a",
                "sha256:e9404e2e19e901121c3c5c6cffd5a8ae0d1d67919c970e3b3262231175713068",
                "sha256:d870f399fcd58a1889e93008762a3b9a27cf7ea512818fc6e689f59495648355",
                "sha256:295961a6a88f1199e19968e15d9b42f3a191c89ec13034dbc212bf9c394c3c82",
                "sha256:2be5af084de6c3b8e20d6421cb0346378a9c867dcf7c86030d6b0b550f9888e4",
                "sha256:b4df7ca9c01018a51e43937eaa41f2f5dce17a6382fda0086403bcb1f5c2cf8e",
                "sha256:4ba654c6b5ad1ae4a4d792abeb695b29ce981bb0f157a41d0fd227b385f2bef0",
                "sha256:1a1d76374a1e7fe93acef96b354a03c1d7f83e7512e225a527d283da0d7ba5e0",
                "sha256:5ba766433c30d703f6b2c17eb0b6826c6f898e5f58d89373e235f07764952314"
            ],
            "version": "==4.3.1"
        },
        "pluggy": {
            "hashes": [
                "sha256:6e3836e39f4d36ae72840833db137f7b7d35105079aee6ec4a62d9f80d594dd1",
                "sha256:95eb8364a4708392bae89035f45341871286a333f749c3141c20573d2b3876e1"
            ],
            "version": "==0.7.1"
        },
        "py": {
            "hashes": [
                "sha256:e31fb2767eb657cbde86c454f02e99cb846d3cd9d61b318525140214fdc0e98e",
                "sha256:3fd59af7435864e1a243790d322d763925431213b6b8529c6ca71081ace3bbf7"
            ],
            "version": "==1.5.4"
        },
        "pytest": {
            "hashes": [
                "sha256:952c0389db115437f966c4c2079ae9d54714b9455190e56acebe14e8c38a7efa",
                "sha256:341ec10361b64a24accaec3c7ba5f7d5ee1ca4cebea30f76fad3dd12db9f0541"
            ],
            "version": "==3.6.4"
        },
        "pytest-asyncio": {
            "hashes": [
                "sha256:a962e8e1b6ec28648c8fe214edab4e16bacdb37b52df26eb9d63050af309b2a9",
                "sha256:fbd92c067c16111174a1286bfb253660f1e564e5146b39eeed1133315cf2c2cf"
            ],
            "version": "==0.9.0"
        },
        "pytoml": {
            "hashes": [
                "sha256:dae3c4e31d09eb06a6076d671f2281ee5d2c43cbeae16599c3af20881bb818ac"
            ],
            "version": "==0.1.18"
        },
        "quart": {
            "hashes": [
                "sha256:419fcaf62052a45a0534e9f5ce94ca27ff5ba5577a1a8d41f561e9c839378884",
                "sha256:06ac9cfcc0387b596b1d81aeffd5ade1d48186d435760bbf43eeb4981d7c936c"
            ],
            "version": "==0.6.4"
        },
        "six": {
            "hashes": [
                "sha256:832dc0e10feb1aa2c68dcc57dbb658f1c7e65b9b61af69048abc87a2db00a0eb",
                "sha256:70e8a77beed4562e7f14fe23a786b54f6296e34344c23bc42f07b15018ff98e9"
            ],
            "version": "==1.11.0"
        },
        "sortedcontainers": {
            "hashes": [
                "sha256:ef38b128302ee8f65d81e31c9d8fbf10d81df4d6d06c9c0b66f01d33747525bb",
                "sha256:607294c6e291a270948420f7ffa1fb3ed47384a4c08db6d1e9c92d08a6981982"
            ],
            "version": "==2.0.4"
        },
        "toml": {
            "hashes": [
                "sha256:8e86bd6ce8cc11b9620cb637466453d94f5d57ad86f17e98a98d1f73e3baab2d"
            ],
            "version": "==0.9.4"
        },
        "typing": {
            "hashes": [
                "sha256:b2c689d54e1144bbcfd191b0832980a21c2dbcf7b5ff7a66248a60c90e951eb8",
                "sha256:3a887b021a77b292e151afb75323dea88a7bc1b3dfa92176cff8e44c8b68bddf",
                "sha256:d400a9344254803a2368533e4533a4200d21eb7b6b729c173bc38201a74db3f2"
            ],
            "version": "==3.6.4"
        },
        "typing-extensions": {
            "hashes": [
                "sha256:8b0962ecb92847974514b1724c8ae2b6dd1ffe86bcdfac429517f5e583ada658",
                "sha256:be7b05ddab71727fabf1f071365043cf034e4cdac9cade1f1d61a6cc526aaafe",
                "sha256:1c0a8e3b4ce55207a03dd0dcb98bc47a704c71f14fe4311ec860cc8af8f4bd27"
            ],
            "version": "==3.6.5"
        },
        "wsproto": {
            "hashes": [
                "sha256:d2a7f718ab3144ec956a3267d57b5c172f0668827f5803e7d670837b0125b9fa",
                "sha256:02f214f6bb43cda62a511e2e8f1d5fa4703ed83d376d18d042bd2bbf2e995824"
            ],
            "version": "==0.11.0"
        }
    },
    "develop": {}
}
